// !$*UTF8*$!
{
	archiveVersion = 1;
	classes = {
	};
	objectVersion = 48;
	objects = {

/* Begin PBXBuildFile section */
		22C08E062070CC4F00E2FBFB /* AppDelegate.swift in Sources */ = {isa = PBXBuildFile; fileRef = 22C08E052070CC4F00E2FBFB /* AppDelegate.swift */; };
		22C08E082070CC4F00E2FBFB /* ViewController.swift in Sources */ = {isa = PBXBuildFile; fileRef = 22C08E072070CC4F00E2FBFB /* ViewController.swift */; };
		22C08E0B2070CC4F00E2FBFB /* Main.storyboard in Resources */ = {isa = PBXBuildFile; fileRef = 22C08E092070CC4F00E2FBFB /* Main.storyboard */; };
		22C08E0D2070CC4F00E2FBFB /* Assets.xcassets in Resources */ = {isa = PBXBuildFile; fileRef = 22C08E0C2070CC4F00E2FBFB /* Assets.xcassets */; };
		22C08E102070CC4F00E2FBFB /* LaunchScreen.storyboard in Resources */ = {isa = PBXBuildFile; fileRef = 22C08E0E2070CC4F00E2FBFB /* LaunchScreen.storyboard */; };
/* End PBXBuildFile section */

/* Begin PBXFileReference section */
		22C08E022070CC4F00E2FBFB /* KeyboarListenerDemo.app */ = {isa = PBXFileReference; explicitFileType = wrapper.application; includeInIndex = 0; path = KeyboarListenerDemo.app; sourceTree = BUILT_PRODUCTS_DIR; };
		22C08E052070CC4F00E2FBFB /* AppDelegate.swift */ = {isa = PBXFileReference; lastKnownFileType = sourcecode.swift; path = AppDelegate.swift; sourceTree = "<group>"; };
		22C08E072070CC4F00E2FBFB /* ViewController.swift */ = {isa = PBXFileReference; lastKnownFileType = sourcecode.swift; path = ViewController.swift; sourceTree = "<group>"; };
		22C08E0A2070CC4F00E2FBFB /* Base */ = {isa = PBXFileReference; lastKnownFileType = file.storyboard; name = Base; path = Base.lproj/Main.storyboard; sourceTree = "<group>"; };
		22C08E0C2070CC4F00E2FBFB /* Assets.xcassets */ = {isa = PBXFileReference; lastKnownFileType = folder.assetcatalog; path = Assets.xcassets; sourceTree = "<group>"; };
		22C08E0F2070CC4F00E2FBFB /* Base */ = {isa = PBXFileReference; lastKnownFileType = file.storyboard; name = Base; path = Base.lproj/LaunchScreen.storyboard; sourceTree = "<group>"; };
		22C08E112070CC5000E2FBFB /* Info.plist */ = {isa = PBXFileReference; lastKnownFileType = text.plist.xml; path = Info.plist; sourceTree = "<group>"; };
/* End PBXFileReference section */

/* Begin PBXFrameworksBuildPhase section */
		22C08DFF2070CC4F00E2FBFB /* Frameworks */ = {
			isa = PBXFrameworksBuildPhase;
			buildActionMask = 2147483647;
			files = (
			);
			runOnlyForDeploymentPostprocessing = 0;
		};
/* End PBXFrameworksBuildPhase section */

/* Begin PBXGroup section */
		22C08DF92070CC4F00E2FBFB = {
			isa = PBXGroup;
			children = (
				22C08E042070CC4F00E2FBFB /* KeyboarListenerDemo */,
				22C08E032070CC4F00E2FBFB /* Products */,
			);
			sourceTree = "<group>";
		};
		22C08E032070CC4F00E2FBFB /* Products */ = {
			isa = PBXGroup;
			children = (
				22C08E022070CC4F00E2FBFB /* KeyboarListenerDemo.app */,
			);
			name = Products;
			sourceTree = "<group>";
		};
		22C08E042070CC4F00E2FBFB /* KeyboarListenerDemo */ = {
			isa = PBXGroup;
			children = (
				22C08E052070CC4F00E2FBFB /* AppDelegate.swift */,
				22C08E072070CC4F00E2FBFB /* ViewController.swift */,
				22C08E092070CC4F00E2FBFB /* Main.storyboard */,
				22C08E0C2070CC4F00E2FBFB /* Assets.xcassets */,
				22C08E0E2070CC4F00E2FBFB /* LaunchScreen.storyboard */,
				22C08E112070CC5000E2FBFB /* Info.plist */,
			);
			path = KeyboarListenerDemo;
			sourceTree = "<group>";
		};
/* End PBXGroup section */

/* Begin PBXNativeTarget section */
		22C08E012070CC4F00E2FBFB /* KeyboarListenerDemo */ = {
			isa = PBXNativeTarget;
			buildConfigurationList = 22C08E142070CC5000E2FBFB /* Build configuration list for PBXNativeTarget "KeyboarListenerDemo" */;
			buildPhases = (
				22C08DFE2070CC4F00E2FBFB /* Sources */,
				22C08DFF2070CC4F00E2FBFB /* Frameworks */,
				22C08E002070CC4F00E2FBFB /* Resources */,
			);
			buildRules = (
			);
			dependencies = (
			);
			name = KeyboarListenerDemo;
			productName = KeyboarListenerDemo;
			productReference = 22C08E022070CC4F00E2FBFB /* KeyboarListenerDemo.app */;
			productType = "com.apple.product-type.application";
		};
/* End PBXNativeTarget section */

/* Begin PBXProject section */
		22C08DFA2070CC4F00E2FBFB /* Project object */ = {
			isa = PBXProject;
			attributes = {
				LastSwiftUpdateCheck = 0920;
				LastUpgradeCheck = 0920;
				ORGANIZATIONNAME = frank.chen;
				TargetAttributes = {
					22C08E012070CC4F00E2FBFB = {
						CreatedOnToolsVersion = 9.2;
						ProvisioningStyle = Automatic;
					};
				};
			};
			buildConfigurationList = 22C08DFD2070CC4F00E2FBFB /* Build configuration list for PBXProject "KeyboarListenerDemo" */;
			compatibilityVersion = "Xcode 8.0";
			developmentRegion = en;
			hasScannedForEncodings = 0;
			knownRegions = (
				en,
				Base,
			);
			mainGroup = 22C08DF92070CC4F00E2FBFB;
			productRefGroup = 22C08E032070CC4F00E2FBFB /* Products */;
			projectDirPath = "";
			projectRoot = "";
			targets = (
				22C08E012070CC4F00E2FBFB /* KeyboarListenerDemo */,
			);
		};
/* End PBXProject section */

/* Begin PBXResourcesBuildPhase section */
		22C08E002070CC4F00E2FBFB /* Resources */ = {
			isa = PBXResourcesBuildPhase;
			buildActionMask = 2147483647;
			files = (
				22C08E102070CC4F00E2FBFB /* LaunchScreen.storyboard in Resources */,
				22C08E0D2070CC4F00E2FBFB /* Assets.xcassets in Resources */,
				22C08E0B2070CC4F00E2FBFB /* Main.storyboard in Resources */,
			);
			runOnlyForDeploymentPostprocessing = 0;
		};
/* End PBXResourcesBuildPhase section */

/* Begin PBXSourcesBuildPhase section */
		22C08DFE2070CC4F00E2FBFB /* Sources */ = {
			isa = PBXSourcesBuildPhase;
			buildActionMask = 2147483647;
			files = (
				22C08E082070CC4F00E2FBFB /* ViewController.swift in Sources */,
				22C08E062070CC4F00E2FBFB /* AppDelegate.swift in Sources */,
			);
			runOnlyForDeploymentPostprocessing = 0;
		};
/* End PBXSourcesBuildPhase section */

/* Begin PBXVariantGroup section */
		22C08E092070CC4F00E2FBFB /* Main.storyboard */ = {
			isa = PBXVariantGroup;
			children = (
				22C08E0A2070CC4F00E2FBFB /* Base */,
			);
			name = Main.storyboard;
			sourceTree = "<group>";
		};
		22C08E0E2070CC4F00E2FBFB /* LaunchScreen.storyboard */ = {
			isa = PBXVariantGroup;
			children = (
				22C08E0F2070CC4F00E2FBFB /* Base */,
			);
			name = LaunchScreen.storyboard;
			sourceTree = "<group>";
		};
/* End PBXVariantGroup section */

/* Begin XCBuildConfiguration section */
		22C08E122070CC5000E2FBFB /* Debug */ = {
			isa = XCBuildConfiguration;
			buildSettings = {
				ALWAYS_SEARCH_USER_PATHS = NO;
				CLANG_ANALYZER_NONNULL = YES;
				CLANG_ANALYZER_NUMBER_OBJECT_CONVERSION = YES_AGGRESSIVE;
				CLANG_CXX_LANGUAGE_STANDARD = "gnu++14";
				CLANG_CXX_LIBRARY = "libc++";
				CLANG_ENABLE_MODULES = YES;
				CLANG_ENABLE_OBJC_ARC = YES;
				CLANG_WARN_BLOCK_CAPTURE_AUTORELEASING = YES;
				CLANG_WARN_BOOL_CONVERSION = YES;
				CLANG_WARN_COMMA = YES;
				CLANG_WARN_CONSTANT_CONVERSION = YES;
				CLANG_WARN_DIRECT_OBJC_ISA_USAGE = YES_ERROR;
				CLANG_WARN_DOCUMENTATION_COMMENTS = YES;
				CLANG_WARN_EMPTY_BODY = YES;
				CLANG_WARN_ENUM_CONVERSION = YES;
				CLANG_WARN_INFINITE_RECURSION = YES;
				CLANG_WARN_INT_CONVERSION = YES;
				CLANG_WARN_NON_LITERAL_NULL_CONVERSION = YES;
				CLANG_WARN_OBJC_LITERAL_CONVERSION = YES;
				CLANG_WARN_OBJC_ROOT_CLASS = YES_ERROR;
				CLANG_WARN_RANGE_LOOP_ANALYSIS = YES;
				CLANG_WARN_STRICT_PROTOTYPES = YES;
				CLANG_WARN_SUSPICIOUS_MOVE = YES;
				CLANG_WARN_UNGUARDED_AVAILABILITY = YES_AGGRESSIVE;
				CLANG_WARN_UNREACHABLE_CODE = YES;
				CLANG_WARN__DUPLICATE_METHOD_MATCH = YES;
				CODE_SIGN_IDENTITY = "iPhone Developer";
				COPY_PHASE_STRIP = NO;
				DEBUG_INFORMATION_FORMAT = dwarf;
				ENABLE_STRICT_OBJC_MSGSEND = YES;
				ENABLE_TESTABILITY = YES;
				GCC_C_LANGUAGE_STANDARD = gnu11;
				GCC_DYNAMIC_NO_PIC = NO;
				GCC_NO_COMMON_BLOCKS = YES;
				GCC_OPTIMIZATION_LEVEL = 0;
				GCC_PREPROCESSOR_DEFINITIONS = (
					"DEBUG=1",
					"$(inherited)",
				);
				GCC_WARN_64_TO_32_BIT_CONVERSION = YES;
				GCC_WARN_ABOUT_RETURN_TYPE = YES_ERROR;
				GCC_WARN_UNDECLARED_SELECTOR = YES;
				GCC_WARN_UNINITIALIZED_AUTOS = YES_AGGRESSIVE;
				GCC_WARN_UNUSED_FUNCTION = YES;
				GCC_WARN_UNUSED_VARIABLE = YES;
				IPHONEOS_DEPLOYMENT_TARGET = 11.2;
				MTL_ENABLE_DEBUG_INFO = YES;
				ONLY_ACTIVE_ARCH = YES;
				SDKROOT = iphoneos;
				SWIFT_ACTIVE_COMPILATION_CONDITIONS = DEBUG;
				SWIFT_OPTIMIZATION_LEVEL = "-Onone";
			};
			name = Debug;
		};
		22C08E132070CC5000E2FBFB /* Release */ = {
			isa = XCBuildConfiguration;
			buildSettings = {
				ALWAYS_SEARCH_USER_PATHS = NO;
				CLANG_ANALYZER_NONNULL = YES;
				CLANG_ANALYZER_NUMBER_OBJECT_CONVERSION = YES_AGGRESSIVE;
				CLANG_CXX_LANGUAGE_STANDARD = "gnu++14";
				CLANG_CXX_LIBRARY = "libc++";
				CLANG_ENABLE_MODULES = YES;
				CLANG_ENABLE_OBJC_ARC = YES;
				CLANG_WARN_BLOCK_CAPTURE_AUTORELEASING = YES;
				CLANG_WARN_BOOL_CONVERSION = YES;
				CLANG_WARN_COMMA = YES;
				CLANG_WARN_CONSTANT_CONVERSION = YES;
				CLANG_WARN_DIRECT_OBJC_ISA_USAGE = YES_ERROR;
				CLANG_WARN_DOCUMENTATION_COMMENTS = YES;
				CLANG_WARN_EMPTY_BODY = YES;
				CLANG_WARN_ENUM_CONVERSION = YES;
				CLANG_WARN_INFINITE_RECURSION = YES;
				CLANG_WARN_INT_CONVERSION = YES;
				CLANG_WARN_NON_LITERAL_NULL_CONVERSION = YES;
				CLANG_WARN_OBJC_LITERAL_CONVERSION = YES;
				CLANG_WARN_OBJC_ROOT_CLASS = YES_ERROR;
				CLANG_WARN_RANGE_LOOP_ANALYSIS = YES;
				CLANG_WARN_STRICT_PROTOTYPES = YES;
				CLANG_WARN_SUSPICIOUS_MOVE = YES;
				CLANG_WARN_UNGUARDED_AVAILABILITY = YES_AGGRESSIVE;
				CLANG_WARN_UNREACHABLE_CODE = YES;
				CLANG_WARN__DUPLICATE_METHOD_MATCH = YES;
				CODE_SIGN_IDENTITY = "iPhone Developer";
				COPY_PHASE_STRIP = NO;
				DEBUG_INFORMATION_FORMAT = "dwarf-with-dsym";
				ENABLE_NS_ASSERTIONS = NO;
				ENABLE_STRICT_OBJC_MSGSEND = YES;
				GCC_C_LANGUAGE_STANDARD = gnu11;
				GCC_NO_COMMON_BLOCKS = YES;
				GCC_WARN_64_TO_32_BIT_CONVERSION = YES;
				GCC_WARN_ABOUT_RETURN_TYPE = YES_ERROR;
				GCC_WARN_UNDECLARED_SELECTOR = YES;
				GCC_WARN_UNINITIALIZED_AUTOS = YES_AGGRESSIVE;
				GCC_WARN_UNUSED_FUNCTION = YES;
				GCC_WARN_UNUSED_VARIABLE = YES;
				IPHONEOS_DEPLOYMENT_TARGET = 11.2;
				MTL_ENABLE_DEBUG_INFO = NO;
				SDKROOT = iphoneos;
				SWIFT_OPTIMIZATION_LEVEL = "-Owholemodule";
				VALIDATE_PRODUCT = YES;
			};
			name = Release;
		};
		22C08E152070CC5000E2FBFB /* Debug */ = {
			isa = XCBuildConfiguration;
			buildSettings = {
				ASSETCATALOG_COMPILER_APPICON_NAME = AppIcon;
				CODE_SIGN_STYLE = Automatic;
				DEVELOPMENT_TEAM = N5R68YAD3A;
				INFOPLIST_FILE = KeyboarListenerDemo/Info.plist;
				LD_RUNPATH_SEARCH_PATHS = "$(inherited) @executable_path/Frameworks";
				PRODUCT_BUNDLE_IDENTIFIER = frank.chen.KeyboarListenerDemo;
				PRODUCT_NAME = "$(TARGET_NAME)";
				SWIFT_VERSION = 4.0;
				TARGETED_DEVICE_FAMILY = "1,2";
			};
			name = Debug;
		};
		22C08E162070CC5000E2FBFB /* Release */ = {
			isa = XCBuildConfiguration;
			buildSettings = {
				ASSETCATALOG_COMPILER_APPICON_NAME = AppIcon;
				CODE_SIGN_STYLE = Automatic;
				DEVELOPMENT_TEAM = N5R68YAD3A;
				INFOPLIST_FILE = KeyboarListenerDemo/Info.plist;
				LD_RUNPATH_SEARCH_PATHS = "$(inherited) @executable_path/Frameworks";
				PRODUCT_BUNDLE_IDENTIFIER = frank.chen.KeyboarListenerDemo;
				PRODUCT_NAME = "$(TARGET_NAME)";
				SWIFT_VERSION = 4.0;
				TARGETED_DEVICE_FAMILY = "1,2";
			};
			name = Release;
		};
/* End XCBuildConfiguration section */

/* Begin XCConfigurationList section */
		22C08DFD2070CC4F00E2FBFB /* Build configuration list for PBXProject "KeyboarListenerDemo" */ = {
			isa = XCConfigurationList;
			buildConfigurations = (
				22C08E122070CC5000E2FBFB /* Debug */,
				22C08E132070CC5000E2FBFB /* Release */,
			);
			defaultConfigurationIsVisible = 0;
			defaultConfigurationName = Release;
		};
		22C08E142070CC5000E2FBFB /* Build configuration list for PBXNativeTarget "KeyboarListenerDemo" */ = {
			isa = XCConfigurationList;
			buildConfigurations = (
				22C08E152070CC5000E2FBFB /* Debug */,
				22C08E162070CC5000E2FBFB /* Release */,
			);
			defaultConfigurationIsVisible = 0;
			defaultConfigurationName = Release;
		};
/* End XCConfigurationList section */
	};
	rootObject = 22C08DFA2070CC4F00E2FBFB /* Project object */;
}
